// !$*UTF8*$!
{
	archiveVersion = 1;
	classes = {
	};
	objectVersion = 46;
	objects = {

/* Begin PBXBuildFile section */
		1366AF161E41AA19005A9518 /* AppDelegate.swift in Sources */ = {isa = PBXBuildFile; fileRef = 1366AF151E41AA19005A9518 /* AppDelegate.swift */; };
		1366AF181E41AA19005A9518 /* ViewController.swift in Sources */ = {isa = PBXBuildFile; fileRef = 1366AF171E41AA19005A9518 /* ViewController.swift */; };
		1366AF1B1E41AA19005A9518 /* Main.storyboard in Resources */ = {isa = PBXBuildFile; fileRef = 1366AF191E41AA19005A9518 /* Main.storyboard */; };
		1366AF1E1E41AA19005A9518 /* Animating_Navigation_Bar.xcdatamodeld in Sources */ = {isa = PBXBuildFile; fileRef = 1366AF1C1E41AA19005A9518 /* Animating_Navigation_Bar.xcdatamodeld */; };
		1366AF201E41AA19005A9518 /* Assets.xcassets in Resources */ = {isa = PBXBuildFile; fileRef = 1366AF1F1E41AA19005A9518 /* Assets.xcassets */; };
		1366AF231E41AA19005A9518 /* LaunchScreen.storyboard in Resources */ = {isa = PBXBuildFile; fileRef = 1366AF211E41AA19005A9518 /* LaunchScreen.storyboard */; };
		1366AF2E1E41AA19005A9518 /* Animating_Navigation_BarTests.swift in Sources */ = {isa = PBXBuildFile; fileRef = 1366AF2D1E41AA19005A9518 /* Animating_Navigation_BarTests.swift */; };
		1366AF391E41AA19005A9518 /* Animating_Navigation_BarUITests.swift in Sources */ = {isa = PBXBuildFile; fileRef = 1366AF381E41AA19005A9518 /* Animating_Navigation_BarUITests.swift */; };
		1366AF491E41B1A0005A9518 /* TableViewCell.swift in Sources */ = {isa = PBXBuildFile; fileRef = 1366AF481E41B1A0005A9518 /* TableViewCell.swift */; };
/* End PBXBuildFile section */

/* Begin PBXContainerItemProxy section */
		1366AF2A1E41AA19005A9518 /* PBXContainerItemProxy */ = {
			isa = PBXContainerItemProxy;
			containerPortal = 1366AF0A1E41AA19005A9518 /* Project object */;
			proxyType = 1;
			remoteGlobalIDString = 1366AF111E41AA19005A9518;
			remoteInfo = "Animating Navigation Bar";
		};
		1366AF351E41AA19005A9518 /* PBXContainerItemProxy */ = {
			isa = PBXContainerItemProxy;
			containerPortal = 1366AF0A1E41AA19005A9518 /* Project object */;
			proxyType = 1;
			remoteGlobalIDString = 1366AF111E41AA19005A9518;
			remoteInfo = "Animating Navigation Bar";
		};
/* End PBXContainerItemProxy section */

/* Begin PBXFileReference section */
		1366AF121E41AA19005A9518 /* Animating Navigation Bar.app */ = {isa = PBXFileReference; explicitFileType = wrapper.application; includeInIndex = 0; path = "Animating Navigation Bar.app"; sourceTree = BUILT_PRODUCTS_DIR; };
		1366AF151E41AA19005A9518 /* AppDelegate.swift */ = {isa = PBXFileReference; lastKnownFileType = sourcecode.swift; path = AppDelegate.swift; sourceTree = "<group>"; };
		1366AF171E41AA19005A9518 /* ViewController.swift */ = {isa = PBXFileReference; lastKnownFileType = sourcecode.swift; path = ViewController.swift; sourceTree = "<group>"; };
		1366AF1A1E41AA19005A9518 /* Base */ = {isa = PBXFileReference; lastKnownFileType = file.storyboard; name = Base; path = Base.lproj/Main.storyboard; sourceTree = "<group>"; };
		1366AF1D1E41AA19005A9518 /* Animating_Navigation_Bar.xcdatamodel */ = {isa = PBXFileReference; lastKnownFileType = wrapper.xcdatamodel; path = Animating_Navigation_Bar.xcdatamodel; sourceTree = "<group>"; };
		1366AF1F1E41AA19005A9518 /* Assets.xcassets */ = {isa = PBXFileReference; lastKnownFileType = folder.assetcatalog; path = Assets.xcassets; sourceTree = "<group>"; };
		1366AF221E41AA19005A9518 /* Base */ = {isa = PBXFileReference; lastKnownFileType = file.storyboard; name = Base; path = Base.lproj/LaunchScreen.storyboard; sourceTree = "<group>"; };
		1366AF241E41AA19005A9518 /* Info.plist */ = {isa = PBXFileReference; lastKnownFileType = text.plist.xml; path = Info.plist; sourceTree = "<group>"; };
		1366AF291E41AA19005A9518 /* Animating Navigation BarTests.xctest */ = {isa = PBXFileReference; explicitFileType = wrapper.cfbundle; includeInIndex = 0; path = "Animating Navigation BarTests.xctest"; sourceTree = BUILT_PRODUCTS_DIR; };
		1366AF2D1E41AA19005A9518 /* Animating_Navigation_BarTests.swift */ = {isa = PBXFileReference; lastKnownFileType = sourcecode.swift; path = Animating_Navigation_BarTests.swift; sourceTree = "<group>"; };
		1366AF2F1E41AA19005A9518 /* Info.plist */ = {isa = PBXFileReference; lastKnownFileType = text.plist.xml; path = Info.plist; sourceTree = "<group>"; };
		1366AF341E41AA19005A9518 /* Animating Navigation BarUITests.xctest */ = {isa = PBXFileReference; explicitFileType = wrapper.cfbundle; includeInIndex = 0; path = "Animating Navigation BarUITests.xctest"; sourceTree = BUILT_PRODUCTS_DIR; };
		1366AF381E41AA19005A9518 /* Animating_Navigation_BarUITests.swift */ = {isa = PBXFileReference; lastKnownFileType = sourcecode.swift; path = Animating_Navigation_BarUITests.swift; sourceTree = "<group>"; };
		1366AF3A1E41AA19005A9518 /* Info.plist */ = {isa = PBXFileReference; lastKnownFileType = text.plist.xml; path = Info.plist; sourceTree = "<group>"; };
		1366AF481E41B1A0005A9518 /* TableViewCell.swift */ = {isa = PBXFileReference; fileEncoding = 4; lastKnownFileType = sourcecode.swift; path = TableViewCell.swift; sourceTree = "<group>"; };
/* End PBXFileReference section */

/* Begin PBXFrameworksBuildPhase section */
		1366AF0F1E41AA19005A9518 /* Frameworks */ = {
			isa = PBXFrameworksBuildPhase;
			buildActionMask = 2147483647;
			files = (
			);
			runOnlyForDeploymentPostprocessing = 0;
		};
		1366AF261E41AA19005A9518 /* Frameworks */ = {
			isa = PBXFrameworksBuildPhase;
			buildActionMask = 2147483647;
			files = (
			);
			runOnlyForDeploymentPostprocessing = 0;
		};
		1366AF311E41AA19005A9518 /* Frameworks */ = {
			isa = PBXFrameworksBuildPhase;
			buildActionMask = 2147483647;
			files = (
			);
			runOnlyForDeploymentPostprocessing = 0;
		};
/* End PBXFrameworksBuildPhase section */

/* Begin PBXGroup section */
		1366AF091E41AA19005A9518 = {
			isa = PBXGroup;
			children = (
				1366AF141E41AA19005A9518 /* Animating Navigation Bar */,
				1366AF2C1E41AA19005A9518 /* Animating Navigation BarTests */,
				1366AF371E41AA19005A9518 /* Animating Navigation BarUITests */,
				1366AF131E41AA19005A9518 /* Products */,
			);
			sourceTree = "<group>";
		};
		1366AF131E41AA19005A9518 /* Products */ = {
			isa = PBXGroup;
			children = (
				1366AF121E41AA19005A9518 /* Animating Navigation Bar.app */,
				1366AF291E41AA19005A9518 /* Animating Navigation BarTests.xctest */,
				1366AF341E41AA19005A9518 /* Animating Navigation BarUITests.xctest */,
			);
			name = Products;
			sourceTree = "<group>";
		};
		1366AF141E41AA19005A9518 /* Animating Navigation Bar */ = {
			isa = PBXGroup;
			children = (
				1366AF151E41AA19005A9518 /* AppDelegate.swift */,
				1366AF171E41AA19005A9518 /* ViewController.swift */,
				1366AF481E41B1A0005A9518 /* TableViewCell.swift */,
				1366AF191E41AA19005A9518 /* Main.storyboard */,
				1366AF1F1E41AA19005A9518 /* Assets.xcassets */,
				1366AF211E41AA19005A9518 /* LaunchScreen.storyboard */,
				1366AF241E41AA19005A9518 /* Info.plist */,
				1366AF1C1E41AA19005A9518 /* Animating_Navigation_Bar.xcdatamodeld */,
			);
			path = "Animating Navigation Bar";
			sourceTree = "<group>";
		};
		1366AF2C1E41AA19005A9518 /* Animating Navigation BarTests */ = {
			isa = PBXGroup;
			children = (
				1366AF2D1E41AA19005A9518 /* Animating_Navigation_BarTests.swift */,
				1366AF2F1E41AA19005A9518 /* Info.plist */,
			);
			path = "Animating Navigation BarTests";
			sourceTree = "<group>";
		};
		1366AF371E41AA19005A9518 /* Animating Navigation BarUITests */ = {
			isa = PBXGroup;
			children = (
				1366AF381E41AA19005A9518 /* Animating_Navigation_BarUITests.swift */,
				1366AF3A1E41AA19005A9518 /* Info.plist */,
			);
			path = "Animating Navigation BarUITests";
			sourceTree = "<group>";
		};
/* End PBXGroup section */

/* Begin PBXNativeTarget section */
		1366AF111E41AA19005A9518 /* Animating Navigation Bar */ = {
			isa = PBXNativeTarget;
			buildConfigurationList = 1366AF3D1E41AA19005A9518 /* Build configuration list for PBXNativeTarget "Animating Navigation Bar" */;
			buildPhases = (
				1366AF0E1E41AA19005A9518 /* Sources */,
				1366AF0F1E41AA19005A9518 /* Frameworks */,
				1366AF101E41AA19005A9518 /* Resources */,
			);
			buildRules = (
			);
			dependencies = (
			);
			name = "Animating Navigation Bar";
			productName = "Animating Navigation Bar";
			productReference = 1366AF121E41AA19005A9518 /* Animating Navigation Bar.app */;
			productType = "com.apple.product-type.application";
		};
		1366AF281E41AA19005A9518 /* Animating Navigation BarTests */ = {
			isa = PBXNativeTarget;
			buildConfigurationList = 1366AF401E41AA19005A9518 /* Build configuration list for PBXNativeTarget "Animating Navigation BarTests" */;
			buildPhases = (
				1366AF251E41AA19005A9518 /* Sources */,
				1366AF261E41AA19005A9518 /* Frameworks */,
				1366AF271E41AA19005A9518 /* Resources */,
			);
			buildRules = (
			);
			dependencies = (
				1366AF2B1E41AA19005A9518 /* PBXTargetDependency */,
			);
			name = "Animating Navigation BarTests";
			productName = "Animating Navigation BarTests";
			productReference = 1366AF291E41AA19005A9518 /* Animating Navigation BarTests.xctest */;
			productType = "com.apple.product-type.bundle.unit-test";
		};
		1366AF331E41AA19005A9518 /* Animating Navigation BarUITests */ = {
			isa = PBXNativeTarget;
			buildConfigurationList = 1366AF431E41AA19005A9518 /* Build configuration list for PBXNativeTarget "Animating Navigation BarUITests" */;
			buildPhases = (
				1366AF301E41AA19005A9518 /* Sources */,
				1366AF311E41AA19005A9518 /* Frameworks */,
				1366AF321E41AA19005A9518 /* Resources */,
			);
			buildRules = (
			);
			dependencies = (
				1366AF361E41AA19005A9518 /* PBXTargetDependency */,
			);
			name = "Animating Navigation BarUITests";
			productName = "Animating Navigation BarUITests";
			productReference = 1366AF341E41AA19005A9518 /* Animating Navigation BarUITests.xctest */;
			productType = "com.apple.product-type.bundle.ui-testing";
		};
/* End PBXNativeTarget section */

/* Begin PBXProject section */
		1366AF0A1E41AA19005A9518 /* Project object */ = {
			isa = PBXProject;
			attributes = {
				LastSwiftUpdateCheck = 0810;
				LastUpgradeCheck = 0810;
				ORGANIZATIONNAME = "Nfonics Solutions";
				TargetAttributes = {
					1366AF111E41AA19005A9518 = {
						CreatedOnToolsVersion = 8.1;
						DevelopmentTeam = 42AQVZ9W32;
						ProvisioningStyle = Automatic;
					};
					1366AF281E41AA19005A9518 = {
						CreatedOnToolsVersion = 8.1;
						DevelopmentTeam = 42AQVZ9W32;
						ProvisioningStyle = Automatic;
						TestTargetID = 1366AF111E41AA19005A9518;
					};
					1366AF331E41AA19005A9518 = {
						CreatedOnToolsVersion = 8.1;
						DevelopmentTeam = 42AQVZ9W32;
						ProvisioningStyle = Automatic;
						TestTargetID = 1366AF111E41AA19005A9518;
					};
				};
			};
			buildConfigurationList = 1366AF0D1E41AA19005A9518 /* Build configuration list for PBXProject "Animating Navigation Bar" */;
			compatibilityVersion = "Xcode 3.2";
			developmentRegion = English;
			hasScannedForEncodings = 0;
			knownRegions = (
				en,
				Base,
			);
			mainGroup = 1366AF091E41AA19005A9518;
			productRefGroup = 1366AF131E41AA19005A9518 /* Products */;
			projectDirPath = "";
			projectRoot = "";
			targets = (
				1366AF111E41AA19005A9518 /* Animating Navigation Bar */,
				1366AF281E41AA19005A9518 /* Animating Navigation BarTests */,
				1366AF331E41AA19005A9518 /* Animating Navigation BarUITests */,
			);
		};
/* End PBXProject section */

/* Begin PBXResourcesBuildPhase section */
		1366AF101E41AA19005A9518 /* Resources */ = {
			isa = PBXResourcesBuildPhase;
			buildActionMask = 2147483647;
			files = (
				1366AF231E41AA19005A9518 /* LaunchScreen.storyboard in Resources */,
				1366AF201E41AA19005A9518 /* Assets.xcassets in Resources */,
				1366AF1B1E41AA19005A9518 /* Main.storyboard in Resources */,
			);
			runOnlyForDeploymentPostprocessing = 0;
		};
		1366AF271E41AA19005A9518 /* Resources */ = {
			isa = PBXResourcesBuildPhase;
			buildActionMask = 2147483647;
			files = (
			);
			runOnlyForDeploymentPostprocessing = 0;
		};
		1366AF321E41AA19005A9518 /* Resources */ = {
			isa = PBXResourcesBuildPhase;
			buildActionMask = 2147483647;
			files = (
			);
			runOnlyForDeploymentPostprocessing = 0;
		};
/* End PBXResourcesBuildPhase section */

/* Begin PBXSourcesBuildPhase section */
		1366AF0E1E41AA19005A9518 /* Sources */ = {
			isa = PBXSourcesBuildPhase;
			buildActionMask = 2147483647;
			files = (
				1366AF491E41B1A0005A9518 /* TableViewCell.swift in Sources */,
				1366AF1E1E41AA19005A9518 /* Animating_Navigation_Bar.xcdatamodeld in Sources */,
				1366AF181E41AA19005A9518 /* ViewController.swift in Sources */,
				1366AF161E41AA19005A9518 /* AppDelegate.swift in Sources */,
			);
			runOnlyForDeploymentPostprocessing = 0;
		};
		1366AF251E41AA19005A9518 /* Sources */ = {
			isa = PBXSourcesBuildPhase;
			buildActionMask = 2147483647;
			files = (
				1366AF2E1E41AA19005A9518 /* Animating_Navigation_BarTests.swift in Sources */,
			);
			runOnlyForDeploymentPostprocessing = 0;
		};
		1366AF301E41AA19005A9518 /* Sources */ = {
			isa = PBXSourcesBuildPhase;
			buildActionMask = 2147483647;
			files = (
				1366AF391E41AA19005A9518 /* Animating_Navigation_BarUITests.swift in Sources */,
			);
			runOnlyForDeploymentPostprocessing = 0;
		};
/* End PBXSourcesBuildPhase section */

/* Begin PBXTargetDependency section */
		1366AF2B1E41AA19005A9518 /* PBXTargetDependency */ = {
			isa = PBXTargetDependency;
			target = 1366AF111E41AA19005A9518 /* Animating Navigation Bar */;
			targetProxy = 1366AF2A1E41AA19005A9518 /* PBXContainerItemProxy */;
		};
		1366AF361E41AA19005A9518 /* PBXTargetDependency */ = {
			isa = PBXTargetDependency;
			target = 1366AF111E41AA19005A9518 /* Animating Navigation Bar */;
			targetProxy = 1366AF351E41AA19005A9518 /* PBXContainerItemProxy */;
		};
/* End PBXTargetDependency section */

/* Begin PBXVariantGroup section */
		1366AF191E41AA19005A9518 /* Main.storyboard */ = {
			isa = PBXVariantGroup;
			children = (
				1366AF1A1E41AA19005A9518 /* Base */,
			);
			name = Main.storyboard;
			sourceTree = "<group>";
		};
		1366AF211E41AA19005A9518 /* LaunchScreen.storyboard */ = {
			isa = PBXVariantGroup;
			children = (
				1366AF221E41AA19005A9518 /* Base */,
			);
			name = LaunchScreen.storyboard;
			sourceTree = "<group>";
		};
/* End PBXVariantGroup section */

/* Begin XCBuildConfiguration section */
		1366AF3B1E41AA19005A9518 /* Debug */ = {
			isa = XCBuildConfiguration;
			buildSettings = {
				ALWAYS_SEARCH_USER_PATHS = NO;
				CLANG_ANALYZER_NONNULL = YES;
				CLANG_CXX_LANGUAGE_STANDARD = "gnu++0x";
				CLANG_CXX_LIBRARY = "libc++";
				CLANG_ENABLE_MODULES = YES;
				CLANG_ENABLE_OBJC_ARC = YES;
				CLANG_WARN_BOOL_CONVERSION = YES;
				CLANG_WARN_CONSTANT_CONVERSION = YES;
				CLANG_WARN_DIRECT_OBJC_ISA_USAGE = YES_ERROR;
				CLANG_WARN_DOCUMENTATION_COMMENTS = YES;
				CLANG_WARN_EMPTY_BODY = YES;
				CLANG_WARN_ENUM_CONVERSION = YES;
				CLANG_WARN_INFINITE_RECURSION = YES;
				CLANG_WARN_INT_CONVERSION = YES;
				CLANG_WARN_OBJC_ROOT_CLASS = YES_ERROR;
				CLANG_WARN_SUSPICIOUS_MOVES = YES;
				CLANG_WARN_UNREACHABLE_CODE = YES;
				CLANG_WARN__DUPLICATE_METHOD_MATCH = YES;
				"CODE_SIGN_IDENTITY[sdk=iphoneos*]" = "iPhone Developer";
				COPY_PHASE_STRIP = NO;
				DEBUG_INFORMATION_FORMAT = dwarf;
				ENABLE_STRICT_OBJC_MSGSEND = YES;
				ENABLE_TESTABILITY = YES;
				GCC_C_LANGUAGE_STANDARD = gnu99;
				GCC_DYNAMIC_NO_PIC = NO;
				GCC_NO_COMMON_BLOCKS = YES;
				GCC_OPTIMIZATION_LEVEL = 0;
				GCC_PREPROCESSOR_DEFINITIONS = (
					"DEBUG=1",
					"$(inherited)",
				);
				GCC_WARN_64_TO_32_BIT_CONVERSION = YES;
				GCC_WARN_ABOUT_RETURN_TYPE = YES_ERROR;
				GCC_WARN_UNDECLARED_SELECTOR = YES;
				GCC_WARN_UNINITIALIZED_AUTOS = YES_AGGRESSIVE;
				GCC_WARN_UNUSED_FUNCTION = YES;
				GCC_WARN_UNUSED_VARIABLE = YES;
				IPHONEOS_DEPLOYMENT_TARGET = 10.1;
				MTL_ENABLE_DEBUG_INFO = YES;
				ONLY_ACTIVE_ARCH = YES;
				SDKROOT = iphoneos;
				SWIFT_ACTIVE_COMPILATION_CONDITIONS = DEBUG;
				SWIFT_OPTIMIZATION_LEVEL = "-Onone";
				TARGETED_DEVICE_FAMILY = "1,2";
			};
			name = Debug;
		};
		1366AF3C1E41AA19005A9518 /* Release */ = {
			isa = XCBuildConfiguration;
			buildSettings = {
				ALWAYS_SEARCH_USER_PATHS = NO;
				CLANG_ANALYZER_NONNULL = YES;
				CLANG_CXX_LANGUAGE_STANDARD = "gnu++0x";
				CLANG_CXX_LIBRARY = "libc++";
				CLANG_ENABLE_MODULES = YES;
				CLANG_ENABLE_OBJC_ARC = YES;
				CLANG_WARN_BOOL_CONVERSION = YES;
				CLANG_WARN_CONSTANT_CONVERSION = YES;
				CLANG_WARN_DIRECT_OBJC_ISA_USAGE = YES_ERROR;
				CLANG_WARN_DOCUMENTATION_COMMENTS = YES;
				CLANG_WARN_EMPTY_BODY = YES;
				CLANG_WARN_ENUM_CONVERSION = YES;
				CLANG_WARN_INFINITE_RECURSION = YES;
				CLANG_WARN_INT_CONVERSION = YES;
				CLANG_WARN_OBJC_ROOT_CLASS = YES_ERROR;
				CLANG_WARN_SUSPICIOUS_MOVES = YES;
				CLANG_WARN_UNREACHABLE_CODE = YES;
				CLANG_WARN__DUPLICATE_METHOD_MATCH = YES;
				"CODE_SIGN_IDENTITY[sdk=iphoneos*]" = "iPhone Developer";
				COPY_PHASE_STRIP = NO;
				DEBUG_INFORMATION_FORMAT = "dwarf-with-dsym";
				ENABLE_NS_ASSERTIONS = NO;
				ENABLE_STRICT_OBJC_MSGSEND = YES;
				GCC_C_LANGUAGE_STANDARD = gnu99;
				GCC_NO_COMMON_BLOCKS = YES;
				GCC_WARN_64_TO_32_BIT_CONVERSION = YES;
				GCC_WARN_ABOUT_RETURN_TYPE = YES_ERROR;
				GCC_WARN_UNDECLARED_SELECTOR = YES;
				GCC_WARN_UNINITIALIZED_AUTOS = YES_AGGRESSIVE;
				GCC_WARN_UNUSED_FUNCTION = YES;
				GCC_WARN_UNUSED_VARIABLE = YES;
				IPHONEOS_DEPLOYMENT_TARGET = 10.1;
				MTL_ENABLE_DEBUG_INFO = NO;
				SDKROOT = iphoneos;
				SWIFT_OPTIMIZATION_LEVEL = "-Owholemodule";
				TARGETED_DEVICE_FAMILY = "1,2";
				VALIDATE_PRODUCT = YES;
			};
			name = Release;
		};
		1366AF3E1E41AA19005A9518 /* Debug */ = {
			isa = XCBuildConfiguration;
			buildSettings = {
				ASSETCATALOG_COMPILER_APPICON_NAME = AppIcon;
				DEVELOPMENT_TEAM = 42AQVZ9W32;
				INFOPLIST_FILE = "Animating Navigation Bar/Info.plist";
				IPHONEOS_DEPLOYMENT_TARGET = 8.0;
				LD_RUNPATH_SEARCH_PATHS = "$(inherited) @executable_path/Frameworks";
				PRODUCT_BUNDLE_IDENTIFIER = "com.nfonics.Animating-Navigation-Bar";
				PRODUCT_NAME = "$(TARGET_NAME)";
				SWIFT_VERSION = 3.0;
			};
			name = Debug;
		};
		1366AF3F1E41AA19005A9518 /* Release */ = {
			isa = XCBuildConfiguration;
			buildSettings = {
				ASSETCATALOG_COMPILER_APPICON_NAME = AppIcon;
				DEVELOPMENT_TEAM = 42AQVZ9W32;
				INFOPLIST_FILE = "Animating Navigation Bar/Info.plist";
				IPHONEOS_DEPLOYMENT_TARGET = 8.0;
				LD_RUNPATH_SEARCH_PATHS = "$(inherited) @executable_path/Frameworks";
				PRODUCT_BUNDLE_IDENTIFIER = "com.nfonics.Animating-Navigation-Bar";
				PRODUCT_NAME = "$(TARGET_NAME)";
				SWIFT_VERSION = 3.0;
			};
			name = Release;
		};
		1366AF411E41AA19005A9518 /* Debug */ = {
			isa = XCBuildConfiguration;
			buildSettings = {
				ALWAYS_EMBED_SWIFT_STANDARD_LIBRARIES = YES;
				BUNDLE_LOADER = "$(TEST_HOST)";
				DEVELOPMENT_TEAM = 42AQVZ9W32;
				INFOPLIST_FILE = "Animating Navigation BarTests/Info.plist";
				LD_RUNPATH_SEARCH_PATHS = "$(inherited) @executable_path/Frameworks @loader_path/Frameworks";
				PRODUCT_BUNDLE_IDENTIFIER = "com.nfonics.Animating-Navigation-BarTests";
				PRODUCT_NAME = "$(TARGET_NAME)";
				SWIFT_VERSION = 3.0;
				TEST_HOST = "$(BUILT_PRODUCTS_DIR)/Animating Navigation Bar.app/Animating Navigation Bar";
			};
			name = Debug;
		};
		1366AF421E41AA19005A9518 /* Release */ = {
			isa = XCBuildConfiguration;
			buildSettings = {
				ALWAYS_EMBED_SWIFT_STANDARD_LIBRARIES = YES;
				BUNDLE_LOADER = "$(TEST_HOST)";
				DEVELOPMENT_TEAM = 42AQVZ9W32;
				INFOPLIST_FILE = "Animating Navigation BarTests/Info.plist";
				LD_RUNPATH_SEARCH_PATHS = "$(inherited) @executable_path/Frameworks @loader_path/Frameworks";
				PRODUCT_BUNDLE_IDENTIFIER = "com.nfonics.Animating-Navigation-BarTests";
				PRODUCT_NAME = "$(TARGET_NAME)";
				SWIFT_VERSION = 3.0;
				TEST_HOST = "$(BUILT_PRODUCTS_DIR)/Animating Navigation Bar.app/Animating Navigation Bar";
			};
			name = Release;
		};
		1366AF441E41AA19005A9518 /* Debug */ = {
			isa = XCBuildConfiguration;
			buildSettings = {
				ALWAYS_EMBED_SWIFT_STANDARD_LIBRARIES = YES;
				DEVELOPMENT_TEAM = 42AQVZ9W32;
				INFOPLIST_FILE = "Animating Navigation BarUITests/Info.plist";
				LD_RUNPATH_SEARCH_PATHS = "$(inherited) @executable_path/Frameworks @loader_path/Frameworks";
				PRODUCT_BUNDLE_IDENTIFIER = "com.nfonics.Animating-Navigation-BarUITests";
				PRODUCT_NAME = "$(TARGET_NAME)";
				SWIFT_VERSION = 3.0;
				TEST_TARGET_NAME = "Animating Navigation Bar";
			};
			name = Debug;
		};
		1366AF451E41AA19005A9518 /* Release */ = {
			isa = XCBuildConfiguration;
			buildSettings = {
				ALWAYS_EMBED_SWIFT_STANDARD_LIBRARIES = YES;
				DEVELOPMENT_TEAM = 42AQVZ9W32;
				INFOPLIST_FILE = "Animating Navigation BarUITests/Info.plist";
				LD_RUNPATH_SEARCH_PATHS = "$(inherited) @executable_path/Frameworks @loader_path/Frameworks";
				PRODUCT_BUNDLE_IDENTIFIER = "com.nfonics.Animating-Navigation-BarUITests";
				PRODUCT_NAME = "$(TARGET_NAME)";
				SWIFT_VERSION = 3.0;
				TEST_TARGET_NAME = "Animating Navigation Bar";
			};
			name = Release;
		};
/* End XCBuildConfiguration section */

/* Begin XCConfigurationList section */
		1366AF0D1E41AA19005A9518 /* Build configuration list for PBXProject "Animating Navigation Bar" */ = {
			isa = XCConfigurationList;
			buildConfigurations = (
				1366AF3B1E41AA19005A9518 /* Debug */,
				1366AF3C1E41AA19005A9518 /* Release */,
			);
			defaultConfigurationIsVisible = 0;
			defaultConfigurationName = Release;
		};
		1366AF3D1E41AA19005A9518 /* Build configuration list for PBXNativeTarget "Animating Navigation Bar" */ = {
			isa = XCConfigurationList;
			buildConfigurations = (
				1366AF3E1E41AA19005A9518 /* Debug */,
				1366AF3F1E41AA19005A9518 /* Release */,
			);
			defaultConfigurationIsVisible = 0;
		};
		1366AF401E41AA19005A9518 /* Build configuration list for PBXNativeTarget "Animating Navigation BarTests" */ = {
			isa = XCConfigurationList;
			buildConfigurations = (
				1366AF411E41AA19005A9518 /* Debug */,
				1366AF421E41AA19005A9518 /* Release */,
			);
			defaultConfigurationIsVisible = 0;
		};
		1366AF431E41AA19005A9518 /* Build configuration list for PBXNativeTarget "Animating Navigation BarUITests" */ = {
			isa = XCConfigurationList;
			buildConfigurations = (
				1366AF441E41AA19005A9518 /* Debug */,
				1366AF451E41AA19005A9518 /* Release */,
			);
			defaultConfigurationIsVisible = 0;
		};
/* End XCConfigurationList section */

/* Begin XCVersionGroup section */
		1366AF1C1E41AA19005A9518 /* Animating_Navigation_Bar.xcdatamodeld */ = {
			isa = XCVersionGroup;
			children = (
				1366AF1D1E41AA19005A9518 /* Animating_Navigation_Bar.xcdatamodel */,
			);
			currentVersion = 1366AF1D1E41AA19005A9518 /* Animating_Navigation_Bar.xcdatamodel */;
			path = Animating_Navigation_Bar.xcdatamodeld;
			sourceTree = "<group>";
			versionGroupType = wrapper.xcdatamodel;
		};
/* End XCVersionGroup section */
	};
	rootObject = 1366AF0A1E41AA19005A9518 /* Project object */;
}
